
Microsoft Visual Studio Solution File, Format Version 12.00
# Visual Studio Version 16
VisualStudioVersion = 16.0.31410.357
MinimumVisualStudioVersion = 10.0.40219.1
Project("{FAE04EC0-301F-11D3-BF4B-00C04F79EFBC}") = "BananaScoreBoard", "BananaScoreBoard\BananaScoreBoard.csproj", "{9181C8FA-FE84-42BB-AD76-5AA4C876413E}"
EndProject
Global
	GlobalSection(SolutionConfigurationPlatforms) = preSolution
		Debug|Any CPU = Debug|Any CPU
		Debug|x64 = Debug|x64
		Release|Any CPU = Release|Any CPU
		Release|x64 = Release|x64
	EndGlobalSection
	GlobalSection(ProjectConfigurationPlatforms) = postSolution
		{9181C8FA-FE84-42BB-AD76-5AA4C876413E}.Debug|Any CPU.ActiveCfg = Debug|Any CPU
		{9181C8FA-FE84-42BB-AD76-5AA4C876413E}.Debug|Any CPU.Build.0 = Debug|Any CPU
		{9181C8FA-FE84-42BB-AD76-5AA4C876413E}.Debug|x64.ActiveCfg = Debug|x64
		{9181C8FA-FE84-42BB-AD76-5AA4C876413E}.Debug|x64.Build.0 = Debug|x64
		{9181C8FA-FE84-42BB-AD76-5AA4C876413E}.Release|Any CPU.ActiveCfg = Release|Any CPU
		{9181C8FA-FE84-42BB-AD76-5AA4C876413E}.Release|Any CPU.Build.0 = Release|Any CPU
		{9181C8FA-FE84-42BB-AD76-5AA4C876413E}.Release|x64.ActiveCfg = Release|x64
		{9181C8FA-FE84-42BB-AD76-5AA4C876413E}.Release|x64.Build.0 = Release|x64
	EndGlobalSection
	GlobalSection(SolutionProperties) = preSolution
		HideSolutionNode = FALSE
	EndGlobalSection
	GlobalSection(ExtensibilityGlobals) = postSolution
		SolutionGuid = {603B6D62-5728-4609-8E74-E5423E7339F1}
	EndGlobalSection
EndGlobal
